
Microsoft Visual Studio Solution File, Format Version 12.00
# Visual Studio Version 16
VisualStudioVersion = 16.0.31424.327
MinimumVisualStudioVersion = 10.0.40219.1
Project("{FAE04EC0-301F-11D3-BF4B-00C04F79EFBC}") = "GraphApplication", "GraphApplication.csproj", "{CE22567E-6D9C-4FE7-8B13-E028C4B00AA0}"
EndProject
Project("{FAE04EC0-301F-11D3-BF4B-00C04F79EFBC}") = "GraphApplicationUnitTest", "..\GraphApplicationUnitTest\GraphApplicationUnitTest.csproj", "{564E5049-CEAC-41E4-AA98-397C96E1EDCD}"
EndProject
Global
	GlobalSection(SolutionConfigurationPlatforms) = preSolution
		Debug|Any CPU = Debug|Any CPU
		Release|Any CPU = Release|Any CPU
	EndGlobalSection
	GlobalSection(ProjectConfigurationPlatforms) = postSolution
		{CE22567E-6D9C-4FE7-8B13-E028C4B00AA0}.Debug|Any CPU.ActiveCfg = Debug|Any CPU
		{CE22567E-6D9C-4FE7-8B13-E028C4B00AA0}.Debug|Any CPU.Build.0 = Debug|Any CPU
		{CE22567E-6D9C-4FE7-8B13-E028C4B00AA0}.Release|Any CPU.ActiveCfg = Release|Any CPU
		{CE22567E-6D9C-4FE7-8B13-E028C4B00AA0}.Release|Any CPU.Build.0 = Release|Any CPU
		{564E5049-CEAC-41E4-AA98-397C96E1EDCD}.Debug|Any CPU.ActiveCfg = Debug|Any CPU
		{564E5049-CEAC-41E4-AA98-397C96E1EDCD}.Debug|Any CPU.Build.0 = Debug|Any CPU
		{564E5049-CEAC-41E4-AA98-397C96E1EDCD}.Release|Any CPU.ActiveCfg = Release|Any CPU
		{564E5049-CEAC-41E4-AA98-397C96E1EDCD}.Release|Any CPU.Build.0 = Release|Any CPU
	EndGlobalSection
	GlobalSection(SolutionProperties) = preSolution
		HideSolutionNode = FALSE
	EndGlobalSection
	GlobalSection(ExtensibilityGlobals) = postSolution
		SolutionGuid = {22D9D87E-E62F-44D4-9003-1021F9EB2A9E}
	EndGlobalSection
EndGlobal
